
Microsoft Visual Studio Solution File, Format Version 12.00
# Visual Studio 2012
Project("{FAE04EC0-301F-11D3-BF4B-00C04F79EFBC}") = "Ceen.Mvc", "Ceen.Mvc\Ceen.Mvc.csproj", "{2BA2A179-0D71-464D-BF2E-18AF6937085C}"
EndProject
Project("{FAE04EC0-301F-11D3-BF4B-00C04F79EFBC}") = "Ceen.Httpd", "Ceen.Httpd\Ceen.Httpd.csproj", "{030E03E0-C7E1-4316-B7D5-44582840DEA1}"
EndProject
Project("{FAE04EC0-301F-11D3-BF4B-00C04F79EFBC}") = "Ceen.Httpd.Cli", "Ceen.Httpd.Cli\Ceen.Httpd.Cli.csproj", "{AF13A77D-FD50-4ED1-943B-266E577CB28B}"
EndProject
Project("{FAE04EC0-301F-11D3-BF4B-00C04F79EFBC}") = "Ceen.Common", "Ceen.Common\Ceen.Common.csproj", "{8AD45A7D-9123-4250-BE9F-444B8F913113}"
EndProject
Project("{FAE04EC0-301F-11D3-BF4B-00C04F79EFBC}") = "Ceen.Security", "Ceen.Security\Ceen.Security.csproj", "{D5A92F56-9881-415C-B9D3-71833EE0DF65}"
EndProject
Project("{2150E333-8FDC-42A3-9474-1A3956D46DE8}") = "Samples", "Samples", "{83C5E8E3-2BAD-4512-85DD-923076AA9CB3}"
EndProject
Project("{FAE04EC0-301F-11D3-BF4B-00C04F79EFBC}") = "ToDoList", "ToDoList\ToDoList.csproj", "{1A4BF2A4-743C-4311-B7D0-E589B3F55D48}"
EndProject
Project("{FAE04EC0-301F-11D3-BF4B-00C04F79EFBC}") = "NetCoreRunner", "NetCoreRunner\NetCoreRunner.csproj", "{2DB93C89-2316-4B86-A62C-34FC228934EE}"
EndProject
Project("{FAE04EC0-301F-11D3-BF4B-00C04F79EFBC}") = "NetFullRunner", "NetFullRunner\NetFullRunner.csproj", "{1E8027D4-8E52-4F6F-B3EC-394C8F9B9F0A}"
EndProject
Project("{FAE04EC0-301F-11D3-BF4B-00C04F79EFBC}") = "Unittests", "Unittests\Unittests.csproj", "{77A69C2A-6FCA-479A-8B8C-B79B869230E8}"
EndProject
Project("{FAE04EC0-301F-11D3-BF4B-00C04F79EFBC}") = "Ceen.Database", "Ceen.Database\Ceen.Database.csproj", "{DC28869C-E8B7-4E40-A6C9-2B7022ABAAA0}"
EndProject
Project("{FAE04EC0-301F-11D3-BF4B-00C04F79EFBC}") = "Ceen.Extras", "Ceen.Extras\Ceen.Extras.csproj", "{F8D6D6B1-A333-4BF3-B4B4-0A9570DE971B}"
EndProject
Global
	GlobalSection(SolutionConfigurationPlatforms) = preSolution
		Debug|Any CPU = Debug|Any CPU
		Release|Any CPU = Release|Any CPU
	EndGlobalSection
	GlobalSection(ProjectConfigurationPlatforms) = postSolution
		{2BA2A179-0D71-464D-BF2E-18AF6937085C}.Debug|Any CPU.ActiveCfg = Debug|Any CPU
		{2BA2A179-0D71-464D-BF2E-18AF6937085C}.Debug|Any CPU.Build.0 = Debug|Any CPU
		{2BA2A179-0D71-464D-BF2E-18AF6937085C}.Release|Any CPU.ActiveCfg = Release|Any CPU
		{2BA2A179-0D71-464D-BF2E-18AF6937085C}.Release|Any CPU.Build.0 = Release|Any CPU
		{030E03E0-C7E1-4316-B7D5-44582840DEA1}.Debug|Any CPU.ActiveCfg = Debug|Any CPU
		{030E03E0-C7E1-4316-B7D5-44582840DEA1}.Debug|Any CPU.Build.0 = Debug|Any CPU
		{030E03E0-C7E1-4316-B7D5-44582840DEA1}.Release|Any CPU.ActiveCfg = Release|Any CPU
		{030E03E0-C7E1-4316-B7D5-44582840DEA1}.Release|Any CPU.Build.0 = Release|Any CPU
		{AF13A77D-FD50-4ED1-943B-266E577CB28B}.Debug|Any CPU.ActiveCfg = Debug|Any CPU
		{AF13A77D-FD50-4ED1-943B-266E577CB28B}.Debug|Any CPU.Build.0 = Debug|Any CPU
		{AF13A77D-FD50-4ED1-943B-266E577CB28B}.Release|Any CPU.ActiveCfg = Release|Any CPU
		{AF13A77D-FD50-4ED1-943B-266E577CB28B}.Release|Any CPU.Build.0 = Release|Any CPU
		{8AD45A7D-9123-4250-BE9F-444B8F913113}.Debug|Any CPU.ActiveCfg = Debug|Any CPU
		{8AD45A7D-9123-4250-BE9F-444B8F913113}.Debug|Any CPU.Build.0 = Debug|Any CPU
		{8AD45A7D-9123-4250-BE9F-444B8F913113}.Release|Any CPU.ActiveCfg = Release|Any CPU
		{8AD45A7D-9123-4250-BE9F-444B8F913113}.Release|Any CPU.Build.0 = Release|Any CPU
		{D5A92F56-9881-415C-B9D3-71833EE0DF65}.Debug|Any CPU.ActiveCfg = Debug|Any CPU
		{D5A92F56-9881-415C-B9D3-71833EE0DF65}.Debug|Any CPU.Build.0 = Debug|Any CPU
		{D5A92F56-9881-415C-B9D3-71833EE0DF65}.Release|Any CPU.ActiveCfg = Release|Any CPU
		{D5A92F56-9881-415C-B9D3-71833EE0DF65}.Release|Any CPU.Build.0 = Release|Any CPU
		{1A4BF2A4-743C-4311-B7D0-E589B3F55D48}.Debug|Any CPU.ActiveCfg = Debug|Any CPU
		{1A4BF2A4-743C-4311-B7D0-E589B3F55D48}.Debug|Any CPU.Build.0 = Debug|Any CPU
		{1A4BF2A4-743C-4311-B7D0-E589B3F55D48}.Release|Any CPU.ActiveCfg = Release|Any CPU
		{1A4BF2A4-743C-4311-B7D0-E589B3F55D48}.Release|Any CPU.Build.0 = Release|Any CPU
		{2DB93C89-2316-4B86-A62C-34FC228934EE}.Debug|Any CPU.ActiveCfg = Debug|Any CPU
		{2DB93C89-2316-4B86-A62C-34FC228934EE}.Debug|Any CPU.Build.0 = Debug|Any CPU
		{2DB93C89-2316-4B86-A62C-34FC228934EE}.Release|Any CPU.ActiveCfg = Release|Any CPU
		{2DB93C89-2316-4B86-A62C-34FC228934EE}.Release|Any CPU.Build.0 = Release|Any CPU
		{1E8027D4-8E52-4F6F-B3EC-394C8F9B9F0A}.Debug|Any CPU.ActiveCfg = Debug|Any CPU
		{1E8027D4-8E52-4F6F-B3EC-394C8F9B9F0A}.Debug|Any CPU.Build.0 = Debug|Any CPU
		{1E8027D4-8E52-4F6F-B3EC-394C8F9B9F0A}.Release|Any CPU.ActiveCfg = Release|Any CPU
		{1E8027D4-8E52-4F6F-B3EC-394C8F9B9F0A}.Release|Any CPU.Build.0 = Release|Any CPU
		{77A69C2A-6FCA-479A-8B8C-B79B869230E8}.Debug|Any CPU.ActiveCfg = Debug|Any CPU
		{77A69C2A-6FCA-479A-8B8C-B79B869230E8}.Debug|Any CPU.Build.0 = Debug|Any CPU
		{77A69C2A-6FCA-479A-8B8C-B79B869230E8}.Release|Any CPU.ActiveCfg = Release|Any CPU
		{77A69C2A-6FCA-479A-8B8C-B79B869230E8}.Release|Any CPU.Build.0 = Release|Any CPU
		{DC28869C-E8B7-4E40-A6C9-2B7022ABAAA0}.Debug|Any CPU.ActiveCfg = Debug|Any CPU
		{DC28869C-E8B7-4E40-A6C9-2B7022ABAAA0}.Debug|Any CPU.Build.0 = Debug|Any CPU
		{DC28869C-E8B7-4E40-A6C9-2B7022ABAAA0}.Release|Any CPU.ActiveCfg = Release|Any CPU
		{DC28869C-E8B7-4E40-A6C9-2B7022ABAAA0}.Release|Any CPU.Build.0 = Release|Any CPU
		{F8D6D6B1-A333-4BF3-B4B4-0A9570DE971B}.Debug|Any CPU.ActiveCfg = Debug|Any CPU
		{F8D6D6B1-A333-4BF3-B4B4-0A9570DE971B}.Debug|Any CPU.Build.0 = Debug|Any CPU
		{F8D6D6B1-A333-4BF3-B4B4-0A9570DE971B}.Release|Any CPU.ActiveCfg = Release|Any CPU
		{F8D6D6B1-A333-4BF3-B4B4-0A9570DE971B}.Release|Any CPU.Build.0 = Release|Any CPU
	EndGlobalSection
	GlobalSection(MonoDevelopProperties) = preSolution
		version = 0.9.7
		version = 0.9.8
	EndGlobalSection
	GlobalSection(NestedProjects) = preSolution
		{1A4BF2A4-743C-4311-B7D0-E589B3F55D48} = {83C5E8E3-2BAD-4512-85DD-923076AA9CB3}
	EndGlobalSection
EndGlobal
